
Microsoft Visual Studio Solution File, Format Version 12.00
# Visual Studio 15
VisualStudioVersion = 15.0.27130.2027
MinimumVisualStudioVersion = 10.0.40219.1
Project("{FAE04EC0-301F-11D3-BF4B-00C04F79EFBC}") = "RCS.DIS.Presenter", "RCS.DIS.Presenter\RCS.DIS.Presenter.csproj", "{885EC469-DF04-42A8-82E5-2A601EF91E03}"
EndProject
Global
	GlobalSection(SolutionConfigurationPlatforms) = preSolution
		Debug|Any CPU = Debug|Any CPU
		Release|Any CPU = Release|Any CPU
	EndGlobalSection
	GlobalSection(ProjectConfigurationPlatforms) = postSolution
		{885EC469-DF04-42A8-82E5-2A601EF91E03}.Debug|Any CPU.ActiveCfg = Debug|Any CPU
		{885EC469-DF04-42A8-82E5-2A601EF91E03}.Debug|Any CPU.Build.0 = Debug|Any CPU
		{885EC469-DF04-42A8-82E5-2A601EF91E03}.Release|Any CPU.ActiveCfg = Release|Any CPU
		{885EC469-DF04-42A8-82E5-2A601EF91E03}.Release|Any CPU.Build.0 = Release|Any CPU
	EndGlobalSection
	GlobalSection(SolutionProperties) = preSolution
		HideSolutionNode = FALSE
	EndGlobalSection
	GlobalSection(ExtensibilityGlobals) = postSolution
		SolutionGuid = {071A9CB3-9539-45B8-892D-38A1BE180E26}
	EndGlobalSection
EndGlobal
